# This file is autogenerated, do not edit; changes may be undone by the next 'dep ensure'.


[[projects]]
  digest = "1:b6e21e98fcbc23345ea2e3b70766edfc7fb53c0c99966fed18e889de0fcb67f2"
  name = "github.com/fogleman/gg"
  packages = ["."]
  pruneopts = "UT"
  revision = "0403632d5b905943a1c2a5b2763aaecd568467ec"
  version = "v1.3.0"

[[projects]]
  branch = "master"
  digest = "1:62c57507df491b657e9ae2645f30958d9964c8eeb380600469eedc951ebb3a0e"
  name = "github.com/golang/freetype"
  packages = [
    "raster",
    "truetype",
  ]
  pruneopts = "UT"
  revision = "e2365dfdc4a05e4b8299a783240d4a7d5a65d4e4"

[[projects]]
  digest = "1:2aedbd3f7dae4d1bda04de4d1a48b884e3162e8be35db92e1eff5d707d345075"
  name = "github.com/jessevdk/go-flags"
  packages = ["."]
  pruneopts = "UT"
  revision = "1878de27329cba29066dc088d84b3ce743885f82"
  version = "v1.5.0"

[[projects]]
  branch = "master"
  digest = "1:1b5a83c221974b3dd4be6bdb029b348a9bd391f6d9f5592442757be7326dac48"
  name = "golang.org/x/image"
  packages = [
    "draw",
    "font",
    "font/basicfont",
    "font/plan9font",
    "math/f64",
    "math/fixed",
  ]
  pruneopts = "UT"
  revision = "6944b10bf41077a939a283aba62be2c1a676d8ef"

[[projects]]
  branch = "master"
  digest = "1:2962714959391d9cda3dbaf889a65e7bb2c7efc0d607fa50046c08b5e7661593"
  name = "golang.org/x/sys"
  packages = [
    "internal/unsafeheader",
    "unix",
  ]
  pruneopts = "UT"
  revision = "c75c47738b0c381a9795662e6a9b66c416b17ff2"

[solve-meta]
  analyzer-name = "dep"
  analyzer-version = 1
  input-imports = [
    "github.com/fogleman/gg",
    "github.com/jessevdk/go-flags",
  ]
  solver-name = "gps-cdcl"
  solver-version = 1
